
Microsoft Visual Studio Solution File, Format Version 12.00
# Visual Studio Version 16
VisualStudioVersion = 16.0.810.14
MinimumVisualStudioVersion = 10.0.40219.1
Project("{FAE04EC0-301F-11D3-BF4B-00C04F79EFBC}") = "Uppfinnaren", "Inlämning-Uppfinnaren\Uppfinnaren.csproj", "{1C110BFB-2E47-482C-B622-7F3260F27864}"
EndProject
Global
	GlobalSection(SolutionConfigurationPlatforms) = preSolution
		Debug|Any CPU = Debug|Any CPU
		Release|Any CPU = Release|Any CPU
	EndGlobalSection
	GlobalSection(ProjectConfigurationPlatforms) = postSolution
		{1C110BFB-2E47-482C-B622-7F3260F27864}.Debug|Any CPU.ActiveCfg = Debug|Any CPU
		{1C110BFB-2E47-482C-B622-7F3260F27864}.Debug|Any CPU.Build.0 = Debug|Any CPU
		{1C110BFB-2E47-482C-B622-7F3260F27864}.Release|Any CPU.ActiveCfg = Release|Any CPU
		{1C110BFB-2E47-482C-B622-7F3260F27864}.Release|Any CPU.Build.0 = Release|Any CPU
	EndGlobalSection
	GlobalSection(SolutionProperties) = preSolution
		HideSolutionNode = FALSE
	EndGlobalSection
	GlobalSection(ExtensibilityGlobals) = postSolution
		SolutionGuid = {ACCC7953-B641-4E57-ACFC-F3664A739DE2}
	EndGlobalSection
EndGlobal
